// !$*UTF8*$!
{
	archiveVersion = 1;
	classes = {
	};
	objectVersion = 56;
	objects = {

/* Begin PBXBuildFile section */
		920C15C62B2BD98B00D80DD8 /* extinitions.swift in Sources */ = {isa = PBXBuildFile; fileRef = 920C15C52B2BD98B00D80DD8 /* extinitions.swift */; };
		922584B42B2783C6001BA6F6 /* DatabaseManager.swift in Sources */ = {isa = PBXBuildFile; fileRef = 922584B32B2783C6001BA6F6 /* DatabaseManager.swift */; };
		922584B62B278B5D001BA6F6 /* AuthManager.swift in Sources */ = {isa = PBXBuildFile; fileRef = 922584B52B278B5D001BA6F6 /* AuthManager.swift */; };
		922584B82B278C77001BA6F6 /* StorageManager.swift in Sources */ = {isa = PBXBuildFile; fileRef = 922584B72B278C77001BA6F6 /* StorageManager.swift */; };
		923190AF2B2761750051A921 /* GoogleService-Info.plist in Resources */ = {isa = PBXBuildFile; fileRef = 923190AE2B2761750051A921 /* GoogleService-Info.plist */; };
		926432D02B24CDC8008DC294 /* AppDelegate.swift in Sources */ = {isa = PBXBuildFile; fileRef = 926432CF2B24CDC8008DC294 /* AppDelegate.swift */; };
		926432D22B24CDC8008DC294 /* SceneDelegate.swift in Sources */ = {isa = PBXBuildFile; fileRef = 926432D12B24CDC8008DC294 /* SceneDelegate.swift */; };
		926432D42B24CDC8008DC294 /* HomeViewController.swift in Sources */ = {isa = PBXBuildFile; fileRef = 926432D32B24CDC8008DC294 /* HomeViewController.swift */; };
		926432D72B24CDC8008DC294 /* Main.storyboard in Resources */ = {isa = PBXBuildFile; fileRef = 926432D52B24CDC8008DC294 /* Main.storyboard */; };
		926432DA2B24CDC8008DC294 /* instagram.xcdatamodeld in Sources */ = {isa = PBXBuildFile; fileRef = 926432D82B24CDC8008DC294 /* instagram.xcdatamodeld */; };
		926432DC2B24CDCA008DC294 /* Assets.xcassets in Resources */ = {isa = PBXBuildFile; fileRef = 926432DB2B24CDCA008DC294 /* Assets.xcassets */; };
		926432DF2B24CDCA008DC294 /* LaunchScreen.storyboard in Resources */ = {isa = PBXBuildFile; fileRef = 926432DD2B24CDCA008DC294 /* LaunchScreen.storyboard */; };
		926432EE2B24D0FD008DC294 /* ExploreViewController.swift in Sources */ = {isa = PBXBuildFile; fileRef = 926432ED2B24D0FD008DC294 /* ExploreViewController.swift */; };
		926432F02B24D137008DC294 /* CameraViewController.swift in Sources */ = {isa = PBXBuildFile; fileRef = 926432EF2B24D137008DC294 /* CameraViewController.swift */; };
		926432F22B24D169008DC294 /* NotificationViewController.swift in Sources */ = {isa = PBXBuildFile; fileRef = 926432F12B24D169008DC294 /* NotificationViewController.swift */; };
		926432F42B24D196008DC294 /* ProfileViewController.swift in Sources */ = {isa = PBXBuildFile; fileRef = 926432F32B24D196008DC294 /* ProfileViewController.swift */; };
		926432F92B24D2A9008DC294 /* LoginViewController.swift in Sources */ = {isa = PBXBuildFile; fileRef = 926432F82B24D2A9008DC294 /* LoginViewController.swift */; };
		926432FB2B24D2D3008DC294 /* RegistrationViewController.swift in Sources */ = {isa = PBXBuildFile; fileRef = 926432FA2B24D2D3008DC294 /* RegistrationViewController.swift */; };
		926432FD2B24D313008DC294 /* PostViewController.swift in Sources */ = {isa = PBXBuildFile; fileRef = 926432FC2B24D313008DC294 /* PostViewController.swift */; };
		926432FF2B24D36F008DC294 /* EditProfileViewController.swift in Sources */ = {isa = PBXBuildFile; fileRef = 926432FE2B24D36F008DC294 /* EditProfileViewController.swift */; };
		926433012B24D39C008DC294 /* SettingsViewController.swift in Sources */ = {isa = PBXBuildFile; fileRef = 926433002B24D39C008DC294 /* SettingsViewController.swift */; };
		926433032B24D3EC008DC294 /* ListViewController.swift in Sources */ = {isa = PBXBuildFile; fileRef = 926433022B24D3EC008DC294 /* ListViewController.swift */; };
		926433052B24D416008DC294 /* SearchViewController.swift in Sources */ = {isa = PBXBuildFile; fileRef = 926433042B24D416008DC294 /* SearchViewController.swift */; };
		926433072B24D449008DC294 /* SearchResultViewController.swift in Sources */ = {isa = PBXBuildFile; fileRef = 926433062B24D449008DC294 /* SearchResultViewController.swift */; };
		926433092B24D4D2008DC294 /* PostEditorViewController.swift in Sources */ = {isa = PBXBuildFile; fileRef = 926433082B24D4D2008DC294 /* PostEditorViewController.swift */; };
		9264330B2B24D50E008DC294 /* PublishPostViewController.swift in Sources */ = {isa = PBXBuildFile; fileRef = 9264330A2B24D50E008DC294 /* PublishPostViewController.swift */; };
		926CC8542B353D970039DE26 /* photocollectionviewcell.swift in Sources */ = {isa = PBXBuildFile; fileRef = 926CC8532B353D970039DE26 /* photocollectionviewcell.swift */; };
		92982F9D2B35C6BB009E627A /* ProfileInfoHeaderCollectionReusableView.swift in Sources */ = {isa = PBXBuildFile; fileRef = 92982F9C2B35C6BB009E627A /* ProfileInfoHeaderCollectionReusableView.swift */; };
		92982F9F2B35C715009E627A /* ProfileTabsCollectionReusableView.swift in Sources */ = {isa = PBXBuildFile; fileRef = 92982F9E2B35C715009E627A /* ProfileTabsCollectionReusableView.swift */; };
		929BF5512B318B190040D4AD /* IGFeedPostTableViewCell.swift in Sources */ = {isa = PBXBuildFile; fileRef = 929BF5502B318B190040D4AD /* IGFeedPostTableViewCell.swift */; };
		929BF5542B31923F0040D4AD /* IGFeedPostHeaderTableViewCell.swift in Sources */ = {isa = PBXBuildFile; fileRef = 929BF5532B31923F0040D4AD /* IGFeedPostHeaderTableViewCell.swift */; };
		929BF5562B3192A40040D4AD /* IGFeedPostActionsTableViewCell.swift in Sources */ = {isa = PBXBuildFile; fileRef = 929BF5552B3192A40040D4AD /* IGFeedPostActionsTableViewCell.swift */; };
		929BF5582B3192EF0040D4AD /* IGFeedPostGeneralTableViewCell.swift in Sources */ = {isa = PBXBuildFile; fileRef = 929BF5572B3192EF0040D4AD /* IGFeedPostGeneralTableViewCell.swift */; };
		929F6FF92B42D1ED005BA463 /* UserFollowTableViewCell.swift in Sources */ = {isa = PBXBuildFile; fileRef = 929F6FF82B42D1ED005BA463 /* UserFollowTableViewCell.swift */; };
		92A273942B37A6E400E18E8B /* model.swift in Sources */ = {isa = PBXBuildFile; fileRef = 92A273932B37A6E400E18E8B /* model.swift */; };
		92AE90092B48CF720082620E /* NotificationView.swift in Sources */ = {isa = PBXBuildFile; fileRef = 92AE90082B48CF720082620E /* NotificationView.swift */; };
		92AE900C2B48DA130082620E /* NotificationFollowEventTableViewCell.swift in Sources */ = {isa = PBXBuildFile; fileRef = 92AE900B2B48DA130082620E /* NotificationFollowEventTableViewCell.swift */; };
		92AE900E2B48DA5E0082620E /* NotificationlikeeventTableViewCell.swift in Sources */ = {isa = PBXBuildFile; fileRef = 92AE900D2B48DA5E0082620E /* NotificationlikeeventTableViewCell.swift */; };
		92CFBBAF2B3517A80018A7D5 /* FormTableViewCell.swift in Sources */ = {isa = PBXBuildFile; fileRef = 92CFBBAE2B3517A80018A7D5 /* FormTableViewCell.swift */; };
		F588E6D02566608EC028C688 /* Pods_instagram.framework in Frameworks */ = {isa = PBXBuildFile; fileRef = 17DBB64DE6EB8B344A0510F3 /* Pods_instagram.framework */; };
/* End PBXBuildFile section */

/* Begin PBXFileReference section */
		17DBB64DE6EB8B344A0510F3 /* Pods_instagram.framework */ = {isa = PBXFileReference; explicitFileType = wrapper.framework; includeInIndex = 0; path = Pods_instagram.framework; sourceTree = BUILT_PRODUCTS_DIR; };
		920C15C52B2BD98B00D80DD8 /* extinitions.swift */ = {isa = PBXFileReference; lastKnownFileType = sourcecode.swift; path = extinitions.swift; sourceTree = "<group>"; };
		922584B32B2783C6001BA6F6 /* DatabaseManager.swift */ = {isa = PBXFileReference; lastKnownFileType = sourcecode.swift; path = DatabaseManager.swift; sourceTree = "<group>"; };
		922584B52B278B5D001BA6F6 /* AuthManager.swift */ = {isa = PBXFileReference; lastKnownFileType = sourcecode.swift; path = AuthManager.swift; sourceTree = "<group>"; };
		922584B72B278C77001BA6F6 /* StorageManager.swift */ = {isa = PBXFileReference; lastKnownFileType = sourcecode.swift; path = StorageManager.swift; sourceTree = "<group>"; };
		923190AE2B2761750051A921 /* GoogleService-Info.plist */ = {isa = PBXFileReference; fileEncoding = 4; lastKnownFileType = text.plist.xml; path = "GoogleService-Info.plist"; sourceTree = "<group>"; };
		926432CC2B24CDC8008DC294 /* instagram.app */ = {isa = PBXFileReference; explicitFileType = wrapper.application; includeInIndex = 0; path = instagram.app; sourceTree = BUILT_PRODUCTS_DIR; };
		926432CF2B24CDC8008DC294 /* AppDelegate.swift */ = {isa = PBXFileReference; lastKnownFileType = sourcecode.swift; path = AppDelegate.swift; sourceTree = "<group>"; };
		926432D12B24CDC8008DC294 /* SceneDelegate.swift */ = {isa = PBXFileReference; lastKnownFileType = sourcecode.swift; path = SceneDelegate.swift; sourceTree = "<group>"; };
		926432D32B24CDC8008DC294 /* HomeViewController.swift */ = {isa = PBXFileReference; lastKnownFileType = sourcecode.swift; path = HomeViewController.swift; sourceTree = "<group>"; };
		926432D62B24CDC8008DC294 /* Base */ = {isa = PBXFileReference; lastKnownFileType = file.storyboard; name = Base; path = Base.lproj/Main.storyboard; sourceTree = "<group>"; };
		926432D92B24CDC8008DC294 /* instagram.xcdatamodel */ = {isa = PBXFileReference; lastKnownFileType = wrapper.xcdatamodel; path = instagram.xcdatamodel; sourceTree = "<group>"; };
		926432DB2B24CDCA008DC294 /* Assets.xcassets */ = {isa = PBXFileReference; lastKnownFileType = folder.assetcatalog; path = Assets.xcassets; sourceTree = "<group>"; };
		926432DE2B24CDCA008DC294 /* Base */ = {isa = PBXFileReference; lastKnownFileType = file.storyboard; name = Base; path = Base.lproj/LaunchScreen.storyboard; sourceTree = "<group>"; };
		926432E02B24CDCA008DC294 /* Info.plist */ = {isa = PBXFileReference; lastKnownFileType = text.plist.xml; path = Info.plist; sourceTree = "<group>"; };
		926432ED2B24D0FD008DC294 /* ExploreViewController.swift */ = {isa = PBXFileReference; lastKnownFileType = sourcecode.swift; path = ExploreViewController.swift; sourceTree = "<group>"; };
		926432EF2B24D137008DC294 /* CameraViewController.swift */ = {isa = PBXFileReference; lastKnownFileType = sourcecode.swift; path = CameraViewController.swift; sourceTree = "<group>"; };
		926432F12B24D169008DC294 /* NotificationViewController.swift */ = {isa = PBXFileReference; lastKnownFileType = sourcecode.swift; path = NotificationViewController.swift; sourceTree = "<group>"; };
		926432F32B24D196008DC294 /* ProfileViewController.swift */ = {isa = PBXFileReference; lastKnownFileType = sourcecode.swift; path = ProfileViewController.swift; sourceTree = "<group>"; };
		926432F82B24D2A9008DC294 /* LoginViewController.swift */ = {isa = PBXFileReference; lastKnownFileType = sourcecode.swift; path = LoginViewController.swift; sourceTree = "<group>"; };
		926432FA2B24D2D3008DC294 /* RegistrationViewController.swift */ = {isa = PBXFileReference; lastKnownFileType = sourcecode.swift; path = RegistrationViewController.swift; sourceTree = "<group>"; };
		926432FC2B24D313008DC294 /* PostViewController.swift */ = {isa = PBXFileReference; lastKnownFileType = sourcecode.swift; path = PostViewController.swift; sourceTree = "<group>"; };
		926432FE2B24D36F008DC294 /* EditProfileViewController.swift */ = {isa = PBXFileReference; lastKnownFileType = sourcecode.swift; path = EditProfileViewController.swift; sourceTree = "<group>"; };
		926433002B24D39C008DC294 /* SettingsViewController.swift */ = {isa = PBXFileReference; lastKnownFileType = sourcecode.swift; path = SettingsViewController.swift; sourceTree = "<group>"; };
		926433022B24D3EC008DC294 /* ListViewController.swift */ = {isa = PBXFileReference; lastKnownFileType = sourcecode.swift; path = ListViewController.swift; sourceTree = "<group>"; };
		926433042B24D416008DC294 /* SearchViewController.swift */ = {isa = PBXFileReference; lastKnownFileType = sourcecode.swift; path = SearchViewController.swift; sourceTree = "<group>"; };
		926433062B24D449008DC294 /* SearchResultViewController.swift */ = {isa = PBXFileReference; lastKnownFileType = sourcecode.swift; path = SearchResultViewController.swift; sourceTree = "<group>"; };
		926433082B24D4D2008DC294 /* PostEditorViewController.swift */ = {isa = PBXFileReference; lastKnownFileType = sourcecode.swift; path = PostEditorViewController.swift; sourceTree = "<group>"; };
		9264330A2B24D50E008DC294 /* PublishPostViewController.swift */ = {isa = PBXFileReference; lastKnownFileType = sourcecode.swift; path = PublishPostViewController.swift; sourceTree = "<group>"; };
		926CC8532B353D970039DE26 /* photocollectionviewcell.swift */ = {isa = PBXFileReference; lastKnownFileType = sourcecode.swift; name = photocollectionviewcell.swift; path = HomeFeed/photocollectionviewcell.swift; sourceTree = "<group>"; };
		92982F9C2B35C6BB009E627A /* ProfileInfoHeaderCollectionReusableView.swift */ = {isa = PBXFileReference; lastKnownFileType = sourcecode.swift; path = ProfileInfoHeaderCollectionReusableView.swift; sourceTree = "<group>"; };
		92982F9E2B35C715009E627A /* ProfileTabsCollectionReusableView.swift */ = {isa = PBXFileReference; lastKnownFileType = sourcecode.swift; path = ProfileTabsCollectionReusableView.swift; sourceTree = "<group>"; };
		929BF5502B318B190040D4AD /* IGFeedPostTableViewCell.swift */ = {isa = PBXFileReference; lastKnownFileType = sourcecode.swift; path = IGFeedPostTableViewCell.swift; sourceTree = "<group>"; };
		929BF5532B31923F0040D4AD /* IGFeedPostHeaderTableViewCell.swift */ = {isa = PBXFileReference; lastKnownFileType = sourcecode.swift; path = IGFeedPostHeaderTableViewCell.swift; sourceTree = "<group>"; };
		929BF5552B3192A40040D4AD /* IGFeedPostActionsTableViewCell.swift */ = {isa = PBXFileReference; lastKnownFileType = sourcecode.swift; path = IGFeedPostActionsTableViewCell.swift; sourceTree = "<group>"; };
		929BF5572B3192EF0040D4AD /* IGFeedPostGeneralTableViewCell.swift */ = {isa = PBXFileReference; lastKnownFileType = sourcecode.swift; path = IGFeedPostGeneralTableViewCell.swift; sourceTree = "<group>"; };
		929F6FF82B42D1ED005BA463 /* UserFollowTableViewCell.swift */ = {isa = PBXFileReference; lastKnownFileType = sourcecode.swift; path = UserFollowTableViewCell.swift; sourceTree = "<group>"; };
		92A273932B37A6E400E18E8B /* model.swift */ = {isa = PBXFileReference; lastKnownFileType = sourcecode.swift; name = model.swift; path = ../../../../Downloads/model.swift; sourceTree = "<group>"; };
		92AE90082B48CF720082620E /* NotificationView.swift */ = {isa = PBXFileReference; lastKnownFileType = sourcecode.swift; path = NotificationView.swift; sourceTree = "<group>"; };
		92AE900B2B48DA130082620E /* NotificationFollowEventTableViewCell.swift */ = {isa = PBXFileReference; lastKnownFileType = sourcecode.swift; path = NotificationFollowEventTableViewCell.swift; sourceTree = "<group>"; };
		92AE900D2B48DA5E0082620E /* NotificationlikeeventTableViewCell.swift */ = {isa = PBXFileReference; lastKnownFileType = sourcecode.swift; path = NotificationlikeeventTableViewCell.swift; sourceTree = "<group>"; };
		92CFBBAE2B3517A80018A7D5 /* FormTableViewCell.swift */ = {isa = PBXFileReference; lastKnownFileType = sourcecode.swift; path = FormTableViewCell.swift; sourceTree = "<group>"; };
		A50AE97A4DCAA03B8B246629 /* Pods-instagram.release.xcconfig */ = {isa = PBXFileReference; includeInIndex = 1; lastKnownFileType = text.xcconfig; name = "Pods-instagram.release.xcconfig"; path = "Target Support Files/Pods-instagram/Pods-instagram.release.xcconfig"; sourceTree = "<group>"; };
		AB71F15A7BB4AFC1BD51FC97 /* Pods-instagram.debug.xcconfig */ = {isa = PBXFileReference; includeInIndex = 1; lastKnownFileType = text.xcconfig; name = "Pods-instagram.debug.xcconfig"; path = "Target Support Files/Pods-instagram/Pods-instagram.debug.xcconfig"; sourceTree = "<group>"; };
/* End PBXFileReference section */

/* Begin PBXFrameworksBuildPhase section */
		926432C92B24CDC8008DC294 /* Frameworks */ = {
			isa = PBXFrameworksBuildPhase;
			buildActionMask = 2147483647;
			files = (
				F588E6D02566608EC028C688 /* Pods_instagram.framework in Frameworks */,
			);
			runOnlyForDeploymentPostprocessing = 0;
		};
/* End PBXFrameworksBuildPhase section */

/* Begin PBXGroup section */
		5524E1E1A4B1DCF9FD39CFB3 /* Pods */ = {
			isa = PBXGroup;
			children = (
				AB71F15A7BB4AFC1BD51FC97 /* Pods-instagram.debug.xcconfig */,
				A50AE97A4DCAA03B8B246629 /* Pods-instagram.release.xcconfig */,
			);
			path = Pods;
			sourceTree = "<group>";
		};
		5A2BF276FC3F7507761A2B31 /* Frameworks */ = {
			isa = PBXGroup;
			children = (
				17DBB64DE6EB8B344A0510F3 /* Pods_instagram.framework */,
			);
			name = Frameworks;
			sourceTree = "<group>";
		};
		922584B22B27805A001BA6F6 /* General */ = {
			isa = PBXGroup;
			children = (
				926433002B24D39C008DC294 /* SettingsViewController.swift */,
				926432FC2B24D313008DC294 /* PostViewController.swift */,
				926432FE2B24D36F008DC294 /* EditProfileViewController.swift */,
				926433022B24D3EC008DC294 /* ListViewController.swift */,
				926433042B24D416008DC294 /* SearchViewController.swift */,
				926433062B24D449008DC294 /* SearchResultViewController.swift */,
				926433082B24D4D2008DC294 /* PostEditorViewController.swift */,
				9264330A2B24D50E008DC294 /* PublishPostViewController.swift */,
			);
			path = General;
			sourceTree = "<group>";
		};
		926432C32B24CDC7008DC294 = {
			isa = PBXGroup;
			children = (
				926432CE2B24CDC8008DC294 /* instagram */,
				926432CD2B24CDC8008DC294 /* Products */,
				5524E1E1A4B1DCF9FD39CFB3 /* Pods */,
				5A2BF276FC3F7507761A2B31 /* Frameworks */,
			);
			sourceTree = "<group>";
		};
		926432CD2B24CDC8008DC294 /* Products */ = {
			isa = PBXGroup;
			children = (
				926432CC2B24CDC8008DC294 /* instagram.app */,
			);
			name = Products;
			sourceTree = "<group>";
		};
		926432CE2B24CDC8008DC294 /* instagram */ = {
			isa = PBXGroup;
			children = (
				926432E92B24CE3F008DC294 /* resources */,
				926432E82B24CE2B008DC294 /* models */,
				926432E72B24CE14008DC294 /* views */,
				926432E62B24CDFB008DC294 /* controller */,
				926432E02B24CDCA008DC294 /* Info.plist */,
				926432D82B24CDC8008DC294 /* instagram.xcdatamodeld */,
			);
			path = instagram;
			sourceTree = "<group>";
		};
		926432E62B24CDFB008DC294 /* controller */ = {
			isa = PBXGroup;
			children = (
				926432F62B24D25D008DC294 /* Others */,
				926432F52B24D1D6008DC294 /* Core Tabs */,
			);
			path = controller;
			sourceTree = "<group>";
		};
		926432E72B24CE14008DC294 /* views */ = {
			isa = PBXGroup;
			children = (
				92982F992B35C519009E627A /* CollectionViewHeaders */,
				929BF54D2B3189BC0040D4AD /* Cell */,
				926432EA2B24CF9A008DC294 /* storyboard */,
				926432DB2B24CDCA008DC294 /* Assets.xcassets */,
				92AE90082B48CF720082620E /* NotificationView.swift */,
			);
			path = views;
			sourceTree = "<group>";
		};
		926432E82B24CE2B008DC294 /* models */ = {
			isa = PBXGroup;
			children = (
				92A273932B37A6E400E18E8B /* model.swift */,
			);
			path = models;
			sourceTree = "<group>";
		};
		926432E92B24CE3F008DC294 /* resources */ = {
			isa = PBXGroup;
			children = (
				923190AE2B2761750051A921 /* GoogleService-Info.plist */,
				926432CF2B24CDC8008DC294 /* AppDelegate.swift */,
				926432D12B24CDC8008DC294 /* SceneDelegate.swift */,
				922584B32B2783C6001BA6F6 /* DatabaseManager.swift */,
				922584B52B278B5D001BA6F6 /* AuthManager.swift */,
				922584B72B278C77001BA6F6 /* StorageManager.swift */,
				920C15C52B2BD98B00D80DD8 /* extinitions.swift */,
			);
			path = resources;
			sourceTree = "<group>";
		};
		926432EA2B24CF9A008DC294 /* storyboard */ = {
			isa = PBXGroup;
			children = (
				926432DD2B24CDCA008DC294 /* LaunchScreen.storyboard */,
				926432D52B24CDC8008DC294 /* Main.storyboard */,
			);
			path = storyboard;
			sourceTree = "<group>";
		};
		926432F52B24D1D6008DC294 /* Core Tabs */ = {
			isa = PBXGroup;
			children = (
				926432D32B24CDC8008DC294 /* HomeViewController.swift */,
				926432ED2B24D0FD008DC294 /* ExploreViewController.swift */,
				926432EF2B24D137008DC294 /* CameraViewController.swift */,
				926432F12B24D169008DC294 /* NotificationViewController.swift */,
				926432F32B24D196008DC294 /* ProfileViewController.swift */,
			);
			path = "Core Tabs";
			sourceTree = "<group>";
		};
		926432F62B24D25D008DC294 /* Others */ = {
			isa = PBXGroup;
			children = (
				926432F72B24D27D008DC294 /* Onboarding */,
				922584B22B27805A001BA6F6 /* General */,
			);
			path = Others;
			sourceTree = "<group>";
		};
		926432F72B24D27D008DC294 /* Onboarding */ = {
			isa = PBXGroup;
			children = (
				926432F82B24D2A9008DC294 /* LoginViewController.swift */,
				926432FA2B24D2D3008DC294 /* RegistrationViewController.swift */,
			);
			path = Onboarding;
			sourceTree = "<group>";
		};
		92982F992B35C519009E627A /* CollectionViewHeaders */ = {
			isa = PBXGroup;
			children = (
				92982F9C2B35C6BB009E627A /* ProfileInfoHeaderCollectionReusableView.swift */,
				92982F9E2B35C715009E627A /* ProfileTabsCollectionReusableView.swift */,
			);
			path = CollectionViewHeaders;
			sourceTree = "<group>";
		};
		929BF54D2B3189BC0040D4AD /* Cell */ = {
			isa = PBXGroup;
			children = (
				92AE900A2B48D9B30082620E /* Notification */,
				929BF5522B3191B10040D4AD /* HomeFeed */,
				929F6FF82B42D1ED005BA463 /* UserFollowTableViewCell.swift */,
				926CC8532B353D970039DE26 /* photocollectionviewcell.swift */,
				92CFBBAE2B3517A80018A7D5 /* FormTableViewCell.swift */,
			);
			path = Cell;
			sourceTree = "<group>";
		};
		929BF5522B3191B10040D4AD /* HomeFeed */ = {
			isa = PBXGroup;
			children = (
				929BF5502B318B190040D4AD /* IGFeedPostTableViewCell.swift */,
				929BF5532B31923F0040D4AD /* IGFeedPostHeaderTableViewCell.swift */,
				929BF5552B3192A40040D4AD /* IGFeedPostActionsTableViewCell.swift */,
				929BF5572B3192EF0040D4AD /* IGFeedPostGeneralTableViewCell.swift */,
			);
			path = HomeFeed;
			sourceTree = "<group>";
		};
		92AE900A2B48D9B30082620E /* Notification */ = {
			isa = PBXGroup;
			children = (
				92AE900B2B48DA130082620E /* NotificationFollowEventTableViewCell.swift */,
				92AE900D2B48DA5E0082620E /* NotificationlikeeventTableViewCell.swift */,
			);
			path = Notification;
			sourceTree = "<group>";
		};
/* End PBXGroup section */

/* Begin PBXNativeTarget section */
		926432CB2B24CDC8008DC294 /* instagram */ = {
			isa = PBXNativeTarget;
			buildConfigurationList = 926432E32B24CDCA008DC294 /* Build configuration list for PBXNativeTarget "instagram" */;
			buildPhases = (
				BBC822F1E0048C2777067560 /* [CP] Check Pods Manifest.lock */,
				926432C82B24CDC8008DC294 /* Sources */,
				926432C92B24CDC8008DC294 /* Frameworks */,
				926432CA2B24CDC8008DC294 /* Resources */,
				495B6ED104B95562A263EBD5 /* [CP] Embed Pods Frameworks */,
			);
			buildRules = (
			);
			dependencies = (
			);
			name = instagram;
			productName = instagram;
			productReference = 926432CC2B24CDC8008DC294 /* instagram.app */;
			productType = "com.apple.product-type.application";
		};
/* End PBXNativeTarget section */

/* Begin PBXProject section */
		926432C42B24CDC7008DC294 /* Project object */ = {
			isa = PBXProject;
			attributes = {
				BuildIndependentTargetsInParallel = 1;
				LastSwiftUpdateCheck = 1420;
				LastUpgradeCheck = 1420;
				TargetAttributes = {
					926432CB2B24CDC8008DC294 = {
						CreatedOnToolsVersion = 14.2;
					};
				};
			};
			buildConfigurationList = 926432C72B24CDC7008DC294 /* Build configuration list for PBXProject "instagram" */;
			compatibilityVersion = "Xcode 14.0";
			developmentRegion = en;
			hasScannedForEncodings = 0;
			knownRegions = (
				en,
				Base,
			);
			mainGroup = 926432C32B24CDC7008DC294;
			productRefGroup = 926432CD2B24CDC8008DC294 /* Products */;
			projectDirPath = "";
			projectRoot = "";
			targets = (
				926432CB2B24CDC8008DC294 /* instagram */,
			);
		};
/* End PBXProject section */

/* Begin PBXResourcesBuildPhase section */
		926432CA2B24CDC8008DC294 /* Resources */ = {
			isa = PBXResourcesBuildPhase;
			buildActionMask = 2147483647;
			files = (
				926432DF2B24CDCA008DC294 /* LaunchScreen.storyboard in Resources */,
				923190AF2B2761750051A921 /* GoogleService-Info.plist in Resources */,
				926432DC2B24CDCA008DC294 /* Assets.xcassets in Resources */,
				926432D72B24CDC8008DC294 /* Main.storyboard in Resources */,
			);
			runOnlyForDeploymentPostprocessing = 0;
		};
/* End PBXResourcesBuildPhase section */

/* Begin PBXShellScriptBuildPhase section */
		495B6ED104B95562A263EBD5 /* [CP] Embed Pods Frameworks */ = {
			isa = PBXShellScriptBuildPhase;
			buildActionMask = 2147483647;
			files = (
			);
			inputFileListPaths = (
				"${PODS_ROOT}/Target Support Files/Pods-instagram/Pods-instagram-frameworks-${CONFIGURATION}-input-files.xcfilelist",
			);
			name = "[CP] Embed Pods Frameworks";
			outputFileListPaths = (
				"${PODS_ROOT}/Target Support Files/Pods-instagram/Pods-instagram-frameworks-${CONFIGURATION}-output-files.xcfilelist",
			);
			runOnlyForDeploymentPostprocessing = 0;
			shellPath = /bin/sh;
			shellScript = "\"${PODS_ROOT}/Target Support Files/Pods-instagram/Pods-instagram-frameworks.sh\"\n";
			showEnvVarsInLog = 0;
		};
		BBC822F1E0048C2777067560 /* [CP] Check Pods Manifest.lock */ = {
			isa = PBXShellScriptBuildPhase;
			buildActionMask = 2147483647;
			files = (
			);
			inputFileListPaths = (
			);
			inputPaths = (
				"${PODS_PODFILE_DIR_PATH}/Podfile.lock",
				"${PODS_ROOT}/Manifest.lock",
			);
			name = "[CP] Check Pods Manifest.lock";
			outputFileListPaths = (
			);
			outputPaths = (
				"$(DERIVED_FILE_DIR)/Pods-instagram-checkManifestLockResult.txt",
			);
			runOnlyForDeploymentPostprocessing = 0;
			shellPath = /bin/sh;
			shellScript = "diff \"${PODS_PODFILE_DIR_PATH}/Podfile.lock\" \"${PODS_ROOT}/Manifest.lock\" > /dev/null\nif [ $? != 0 ] ; then\n    # print error to STDERR\n    echo \"error: The sandbox is not in sync with the Podfile.lock. Run 'pod install' or update your CocoaPods installation.\" >&2\n    exit 1\nfi\n# This output is used by Xcode 'outputs' to avoid re-running this script phase.\necho \"SUCCESS\" > \"${SCRIPT_OUTPUT_FILE_0}\"\n";
			showEnvVarsInLog = 0;
		};
/* End PBXShellScriptBuildPhase section */

/* Begin PBXSourcesBuildPhase section */
		926432C82B24CDC8008DC294 /* Sources */ = {
			isa = PBXSourcesBuildPhase;
			buildActionMask = 2147483647;
			files = (
				926433052B24D416008DC294 /* SearchViewController.swift in Sources */,
				926432F92B24D2A9008DC294 /* LoginViewController.swift in Sources */,
				926432DA2B24CDC8008DC294 /* instagram.xcdatamodeld in Sources */,
				926432D42B24CDC8008DC294 /* HomeViewController.swift in Sources */,
				92982F9F2B35C715009E627A /* ProfileTabsCollectionReusableView.swift in Sources */,
				92AE900C2B48DA130082620E /* NotificationFollowEventTableViewCell.swift in Sources */,
				929BF5542B31923F0040D4AD /* IGFeedPostHeaderTableViewCell.swift in Sources */,
				926433092B24D4D2008DC294 /* PostEditorViewController.swift in Sources */,
				926432EE2B24D0FD008DC294 /* ExploreViewController.swift in Sources */,
				926432FB2B24D2D3008DC294 /* RegistrationViewController.swift in Sources */,
				929BF5582B3192EF0040D4AD /* IGFeedPostGeneralTableViewCell.swift in Sources */,
				926432F22B24D169008DC294 /* NotificationViewController.swift in Sources */,
				92CFBBAF2B3517A80018A7D5 /* FormTableViewCell.swift in Sources */,
				922584B82B278C77001BA6F6 /* StorageManager.swift in Sources */,
				926433032B24D3EC008DC294 /* ListViewController.swift in Sources */,
				922584B62B278B5D001BA6F6 /* AuthManager.swift in Sources */,
				926432D02B24CDC8008DC294 /* AppDelegate.swift in Sources */,
				9264330B2B24D50E008DC294 /* PublishPostViewController.swift in Sources */,
				926432D22B24CDC8008DC294 /* SceneDelegate.swift in Sources */,
				929F6FF92B42D1ED005BA463 /* UserFollowTableViewCell.swift in Sources */,
				92AE900E2B48DA5E0082620E /* NotificationlikeeventTableViewCell.swift in Sources */,
				926CC8542B353D970039DE26 /* photocollectionviewcell.swift in Sources */,
				920C15C62B2BD98B00D80DD8 /* extinitions.swift in Sources */,
				92982F9D2B35C6BB009E627A /* ProfileInfoHeaderCollectionReusableView.swift in Sources */,
				92AE90092B48CF720082620E /* NotificationView.swift in Sources */,
				926432FF2B24D36F008DC294 /* EditProfileViewController.swift in Sources */,
				92A273942B37A6E400E18E8B /* model.swift in Sources */,
				926432F42B24D196008DC294 /* ProfileViewController.swift in Sources */,
				922584B42B2783C6001BA6F6 /* DatabaseManager.swift in Sources */,
				926433012B24D39C008DC294 /* SettingsViewController.swift in Sources */,
				926432F02B24D137008DC294 /* CameraViewController.swift in Sources */,
				926433072B24D449008DC294 /* SearchResultViewController.swift in Sources */,
				929BF5562B3192A40040D4AD /* IGFeedPostActionsTableViewCell.swift in Sources */,
				926432FD2B24D313008DC294 /* PostViewController.swift in Sources */,
				929BF5512B318B190040D4AD /* IGFeedPostTableViewCell.swift in Sources */,
			);
			runOnlyForDeploymentPostprocessing = 0;
		};
/* End PBXSourcesBuildPhase section */

/* Begin PBXVariantGroup section */
		926432D52B24CDC8008DC294 /* Main.storyboard */ = {
			isa = PBXVariantGroup;
			children = (
				926432D62B24CDC8008DC294 /* Base */,
			);
			name = Main.storyboard;
			sourceTree = "<group>";
		};
		926432DD2B24CDCA008DC294 /* LaunchScreen.storyboard */ = {
			isa = PBXVariantGroup;
			children = (
				926432DE2B24CDCA008DC294 /* Base */,
			);
			name = LaunchScreen.storyboard;
			sourceTree = "<group>";
		};
/* End PBXVariantGroup section */

/* Begin XCBuildConfiguration section */
		926432E12B24CDCA008DC294 /* Debug */ = {
			isa = XCBuildConfiguration;
			buildSettings = {
				ALWAYS_SEARCH_USER_PATHS = NO;
				CLANG_ANALYZER_NONNULL = YES;
				CLANG_ANALYZER_NUMBER_OBJECT_CONVERSION = YES_AGGRESSIVE;
				CLANG_CXX_LANGUAGE_STANDARD = "gnu++20";
				CLANG_ENABLE_MODULES = YES;
				CLANG_ENABLE_OBJC_ARC = YES;
				CLANG_ENABLE_OBJC_WEAK = YES;
				CLANG_WARN_BLOCK_CAPTURE_AUTORELEASING = YES;
				CLANG_WARN_BOOL_CONVERSION = YES;
				CLANG_WARN_COMMA = YES;
				CLANG_WARN_CONSTANT_CONVERSION = YES;
				CLANG_WARN_DEPRECATED_OBJC_IMPLEMENTATIONS = YES;
				CLANG_WARN_DIRECT_OBJC_ISA_USAGE = YES_ERROR;
				CLANG_WARN_DOCUMENTATION_COMMENTS = YES;
				CLANG_WARN_EMPTY_BODY = YES;
				CLANG_WARN_ENUM_CONVERSION = YES;
				CLANG_WARN_INFINITE_RECURSION = YES;
				CLANG_WARN_INT_CONVERSION = YES;
				CLANG_WARN_NON_LITERAL_NULL_CONVERSION = YES;
				CLANG_WARN_OBJC_IMPLICIT_RETAIN_SELF = YES;
				CLANG_WARN_OBJC_LITERAL_CONVERSION = YES;
				CLANG_WARN_OBJC_ROOT_CLASS = YES_ERROR;
				CLANG_WARN_QUOTED_INCLUDE_IN_FRAMEWORK_HEADER = YES;
				CLANG_WARN_RANGE_LOOP_ANALYSIS = YES;
				CLANG_WARN_STRICT_PROTOTYPES = YES;
				CLANG_WARN_SUSPICIOUS_MOVE = YES;
				CLANG_WARN_UNGUARDED_AVAILABILITY = YES_AGGRESSIVE;
				CLANG_WARN_UNREACHABLE_CODE = YES;
				CLANG_WARN__DUPLICATE_METHOD_MATCH = YES;
				COPY_PHASE_STRIP = NO;
				DEBUG_INFORMATION_FORMAT = dwarf;
				ENABLE_STRICT_OBJC_MSGSEND = YES;
				ENABLE_TESTABILITY = YES;
				GCC_C_LANGUAGE_STANDARD = gnu11;
				GCC_DYNAMIC_NO_PIC = NO;
				GCC_NO_COMMON_BLOCKS = YES;
				GCC_OPTIMIZATION_LEVEL = 0;
				GCC_PREPROCESSOR_DEFINITIONS = (
					"DEBUG=1",
					"$(inherited)",
				);
				GCC_WARN_64_TO_32_BIT_CONVERSION = YES;
				GCC_WARN_ABOUT_RETURN_TYPE = YES_ERROR;
				GCC_WARN_UNDECLARED_SELECTOR = YES;
				GCC_WARN_UNINITIALIZED_AUTOS = YES_AGGRESSIVE;
				GCC_WARN_UNUSED_FUNCTION = YES;
				GCC_WARN_UNUSED_VARIABLE = YES;
				IPHONEOS_DEPLOYMENT_TARGET = 16.2;
				MTL_ENABLE_DEBUG_INFO = INCLUDE_SOURCE;
				MTL_FAST_MATH = YES;
				ONLY_ACTIVE_ARCH = YES;
				SDKROOT = iphoneos;
				SWIFT_ACTIVE_COMPILATION_CONDITIONS = DEBUG;
				SWIFT_OPTIMIZATION_LEVEL = "-Onone";
			};
			name = Debug;
		};
		926432E22B24CDCA008DC294 /* Release */ = {
			isa = XCBuildConfiguration;
			buildSettings = {
				ALWAYS_SEARCH_USER_PATHS = NO;
				CLANG_ANALYZER_NONNULL = YES;
				CLANG_ANALYZER_NUMBER_OBJECT_CONVERSION = YES_AGGRESSIVE;
				CLANG_CXX_LANGUAGE_STANDARD = "gnu++20";
				CLANG_ENABLE_MODULES = YES;
				CLANG_ENABLE_OBJC_ARC = YES;
				CLANG_ENABLE_OBJC_WEAK = YES;
				CLANG_WARN_BLOCK_CAPTURE_AUTORELEASING = YES;
				CLANG_WARN_BOOL_CONVERSION = YES;
				CLANG_WARN_COMMA = YES;
				CLANG_WARN_CONSTANT_CONVERSION = YES;
				CLANG_WARN_DEPRECATED_OBJC_IMPLEMENTATIONS = YES;
				CLANG_WARN_DIRECT_OBJC_ISA_USAGE = YES_ERROR;
				CLANG_WARN_DOCUMENTATION_COMMENTS = YES;
				CLANG_WARN_EMPTY_BODY = YES;
				CLANG_WARN_ENUM_CONVERSION = YES;
				CLANG_WARN_INFINITE_RECURSION = YES;
				CLANG_WARN_INT_CONVERSION = YES;
				CLANG_WARN_NON_LITERAL_NULL_CONVERSION = YES;
				CLANG_WARN_OBJC_IMPLICIT_RETAIN_SELF = YES;
				CLANG_WARN_OBJC_LITERAL_CONVERSION = YES;
				CLANG_WARN_OBJC_ROOT_CLASS = YES_ERROR;
				CLANG_WARN_QUOTED_INCLUDE_IN_FRAMEWORK_HEADER = YES;
				CLANG_WARN_RANGE_LOOP_ANALYSIS = YES;
				CLANG_WARN_STRICT_PROTOTYPES = YES;
				CLANG_WARN_SUSPICIOUS_MOVE = YES;
				CLANG_WARN_UNGUARDED_AVAILABILITY = YES_AGGRESSIVE;
				CLANG_WARN_UNREACHABLE_CODE = YES;
				CLANG_WARN__DUPLICATE_METHOD_MATCH = YES;
				COPY_PHASE_STRIP = NO;
				DEBUG_INFORMATION_FORMAT = "dwarf-with-dsym";
				ENABLE_NS_ASSERTIONS = NO;
				ENABLE_STRICT_OBJC_MSGSEND = YES;
				GCC_C_LANGUAGE_STANDARD = gnu11;
				GCC_NO_COMMON_BLOCKS = YES;
				GCC_WARN_64_TO_32_BIT_CONVERSION = YES;
				GCC_WARN_ABOUT_RETURN_TYPE = YES_ERROR;
				GCC_WARN_UNDECLARED_SELECTOR = YES;
				GCC_WARN_UNINITIALIZED_AUTOS = YES_AGGRESSIVE;
				GCC_WARN_UNUSED_FUNCTION = YES;
				GCC_WARN_UNUSED_VARIABLE = YES;
				IPHONEOS_DEPLOYMENT_TARGET = 16.2;
				MTL_ENABLE_DEBUG_INFO = NO;
				MTL_FAST_MATH = YES;
				SDKROOT = iphoneos;
				SWIFT_COMPILATION_MODE = wholemodule;
				SWIFT_OPTIMIZATION_LEVEL = "-O";
				VALIDATE_PRODUCT = YES;
			};
			name = Release;
		};
		926432E42B24CDCA008DC294 /* Debug */ = {
			isa = XCBuildConfiguration;
			baseConfigurationReference = AB71F15A7BB4AFC1BD51FC97 /* Pods-instagram.debug.xcconfig */;
			buildSettings = {
				ASSETCATALOG_COMPILER_APPICON_NAME = AppIcon;
				ASSETCATALOG_COMPILER_GLOBAL_ACCENT_COLOR_NAME = AccentColor;
				CODE_SIGN_STYLE = Automatic;
				CURRENT_PROJECT_VERSION = 1;
				GENERATE_INFOPLIST_FILE = YES;
				INFOPLIST_FILE = instagram/Info.plist;
				INFOPLIST_KEY_UIApplicationSupportsIndirectInputEvents = YES;
				INFOPLIST_KEY_UILaunchStoryboardName = LaunchScreen;
				INFOPLIST_KEY_UIMainStoryboardFile = Main;
				INFOPLIST_KEY_UISupportedInterfaceOrientations = UIInterfaceOrientationPortrait;
				INFOPLIST_KEY_UISupportedInterfaceOrientations_iPad = "UIInterfaceOrientationPortrait UIInterfaceOrientationPortraitUpsideDown";
				LD_RUNPATH_SEARCH_PATHS = (
					"$(inherited)",
					"@executable_path/Frameworks",
				);
				MARKETING_VERSION = 1.0;
				PRODUCT_BUNDLE_IDENTIFIER = yousef.instagram;
				PRODUCT_NAME = "$(TARGET_NAME)";
				SWIFT_EMIT_LOC_STRINGS = YES;
				SWIFT_VERSION = 5.0;
				TARGETED_DEVICE_FAMILY = "1,2";
			};
			name = Debug;
		};
		926432E52B24CDCA008DC294 /* Release */ = {
			isa = XCBuildConfiguration;
			baseConfigurationReference = A50AE97A4DCAA03B8B246629 /* Pods-instagram.release.xcconfig */;
			buildSettings = {
				ASSETCATALOG_COMPILER_APPICON_NAME = AppIcon;
				ASSETCATALOG_COMPILER_GLOBAL_ACCENT_COLOR_NAME = AccentColor;
				CODE_SIGN_STYLE = Automatic;
				CURRENT_PROJECT_VERSION = 1;
				GENERATE_INFOPLIST_FILE = YES;
				INFOPLIST_FILE = instagram/Info.plist;
				INFOPLIST_KEY_UIApplicationSupportsIndirectInputEvents = YES;
				INFOPLIST_KEY_UILaunchStoryboardName = LaunchScreen;
				INFOPLIST_KEY_UIMainStoryboardFile = Main;
				INFOPLIST_KEY_UISupportedInterfaceOrientations = UIInterfaceOrientationPortrait;
				INFOPLIST_KEY_UISupportedInterfaceOrientations_iPad = "UIInterfaceOrientationPortrait UIInterfaceOrientationPortraitUpsideDown";
				LD_RUNPATH_SEARCH_PATHS = (
					"$(inherited)",
					"@executable_path/Frameworks",
				);
				MARKETING_VERSION = 1.0;
				PRODUCT_BUNDLE_IDENTIFIER = yousef.instagram;
				PRODUCT_NAME = "$(TARGET_NAME)";
				SWIFT_EMIT_LOC_STRINGS = YES;
				SWIFT_VERSION = 5.0;
				TARGETED_DEVICE_FAMILY = "1,2";
			};
			name = Release;
		};
/* End XCBuildConfiguration section */

/* Begin XCConfigurationList section */
		926432C72B24CDC7008DC294 /* Build configuration list for PBXProject "instagram" */ = {
			isa = XCConfigurationList;
			buildConfigurations = (
				926432E12B24CDCA008DC294 /* Debug */,
				926432E22B24CDCA008DC294 /* Release */,
			);
			defaultConfigurationIsVisible = 0;
			defaultConfigurationName = Release;
		};
		926432E32B24CDCA008DC294 /* Build configuration list for PBXNativeTarget "instagram" */ = {
			isa = XCConfigurationList;
			buildConfigurations = (
				926432E42B24CDCA008DC294 /* Debug */,
				926432E52B24CDCA008DC294 /* Release */,
			);
			defaultConfigurationIsVisible = 0;
			defaultConfigurationName = Release;
		};
/* End XCConfigurationList section */

/* Begin XCVersionGroup section */
		926432D82B24CDC8008DC294 /* instagram.xcdatamodeld */ = {
			isa = XCVersionGroup;
			children = (
				926432D92B24CDC8008DC294 /* instagram.xcdatamodel */,
			);
			currentVersion = 926432D92B24CDC8008DC294 /* instagram.xcdatamodel */;
			path = instagram.xcdatamodeld;
			sourceTree = "<group>";
			versionGroupType = wrapper.xcdatamodel;
		};
/* End XCVersionGroup section */
	};
	rootObject = 926432C42B24CDC7008DC294 /* Project object */;
}
